
Microsoft Visual Studio Solution File, Format Version 12.00
# Visual Studio 15
VisualStudioVersion = 15.0.28307.779
MinimumVisualStudioVersion = 10.0.40219.1
Project("{FAE04EC0-301F-11D3-BF4B-00C04F79EFBC}") = "LatinAlphabet", "LatinAlphabet\LatinAlphabet.csproj", "{65B7AEF6-02C8-4101-B902-BCFE2C5D0243}"
EndProject
Project("{FAE04EC0-301F-11D3-BF4B-00C04F79EFBC}") = "SummingNumbers", "SummingNumbers\SummingNumbers.csproj", "{73E0B660-13A5-4556-8DAD-DD390941D496}"
EndProject
Project("{FAE04EC0-301F-11D3-BF4B-00C04F79EFBC}") = "MaxNumber", "MaxNumber\MaxNumber.csproj", "{7002EE54-E22C-4727-8725-4D642BEAADAF}"
EndProject
Project("{FAE04EC0-301F-11D3-BF4B-00C04F79EFBC}") = "MinNumber", "MinNumber\MinNumber.csproj", "{42CCD714-BD9A-4460-B3C5-0BFCE7F7640F}"
EndProject
Project("{FAE04EC0-301F-11D3-BF4B-00C04F79EFBC}") = "LeftAndRightSum", "LeftAndRightSum\LeftAndRightSum.csproj", "{5662341D-8865-4841-8E83-6430E3338816}"
EndProject
Project("{FAE04EC0-301F-11D3-BF4B-00C04F79EFBC}") = "EvenOddSum", "EvenOddSum\EvenOddSum.csproj", "{4E1D51DE-E6E4-46F5-941D-1ACB21EF8472}"
EndProject
Global
	GlobalSection(SolutionConfigurationPlatforms) = preSolution
		Debug|Any CPU = Debug|Any CPU
		Release|Any CPU = Release|Any CPU
	EndGlobalSection
	GlobalSection(ProjectConfigurationPlatforms) = postSolution
		{65B7AEF6-02C8-4101-B902-BCFE2C5D0243}.Debug|Any CPU.ActiveCfg = Debug|Any CPU
		{65B7AEF6-02C8-4101-B902-BCFE2C5D0243}.Debug|Any CPU.Build.0 = Debug|Any CPU
		{65B7AEF6-02C8-4101-B902-BCFE2C5D0243}.Release|Any CPU.ActiveCfg = Release|Any CPU
		{65B7AEF6-02C8-4101-B902-BCFE2C5D0243}.Release|Any CPU.Build.0 = Release|Any CPU
		{73E0B660-13A5-4556-8DAD-DD390941D496}.Debug|Any CPU.ActiveCfg = Debug|Any CPU
		{73E0B660-13A5-4556-8DAD-DD390941D496}.Debug|Any CPU.Build.0 = Debug|Any CPU
		{73E0B660-13A5-4556-8DAD-DD390941D496}.Release|Any CPU.ActiveCfg = Release|Any CPU
		{73E0B660-13A5-4556-8DAD-DD390941D496}.Release|Any CPU.Build.0 = Release|Any CPU
		{7002EE54-E22C-4727-8725-4D642BEAADAF}.Debug|Any CPU.ActiveCfg = Debug|Any CPU
		{7002EE54-E22C-4727-8725-4D642BEAADAF}.Debug|Any CPU.Build.0 = Debug|Any CPU
		{7002EE54-E22C-4727-8725-4D642BEAADAF}.Release|Any CPU.ActiveCfg = Release|Any CPU
		{7002EE54-E22C-4727-8725-4D642BEAADAF}.Release|Any CPU.Build.0 = Release|Any CPU
		{42CCD714-BD9A-4460-B3C5-0BFCE7F7640F}.Debug|Any CPU.ActiveCfg = Debug|Any CPU
		{42CCD714-BD9A-4460-B3C5-0BFCE7F7640F}.Debug|Any CPU.Build.0 = Debug|Any CPU
		{42CCD714-BD9A-4460-B3C5-0BFCE7F7640F}.Release|Any CPU.ActiveCfg = Release|Any CPU
		{42CCD714-BD9A-4460-B3C5-0BFCE7F7640F}.Release|Any CPU.Build.0 = Release|Any CPU
		{5662341D-8865-4841-8E83-6430E3338816}.Debug|Any CPU.ActiveCfg = Debug|Any CPU
		{5662341D-8865-4841-8E83-6430E3338816}.Debug|Any CPU.Build.0 = Debug|Any CPU
		{5662341D-8865-4841-8E83-6430E3338816}.Release|Any CPU.ActiveCfg = Release|Any CPU
		{5662341D-8865-4841-8E83-6430E3338816}.Release|Any CPU.Build.0 = Release|Any CPU
		{4E1D51DE-E6E4-46F5-941D-1ACB21EF8472}.Debug|Any CPU.ActiveCfg = Debug|Any CPU
		{4E1D51DE-E6E4-46F5-941D-1ACB21EF8472}.Debug|Any CPU.Build.0 = Debug|Any CPU
		{4E1D51DE-E6E4-46F5-941D-1ACB21EF8472}.Release|Any CPU.ActiveCfg = Release|Any CPU
		{4E1D51DE-E6E4-46F5-941D-1ACB21EF8472}.Release|Any CPU.Build.0 = Release|Any CPU
	EndGlobalSection
	GlobalSection(SolutionProperties) = preSolution
		HideSolutionNode = FALSE
	EndGlobalSection
	GlobalSection(ExtensibilityGlobals) = postSolution
		SolutionGuid = {3966E0D0-E0DD-40C8-89DF-C1E63F0FA674}
	EndGlobalSection
EndGlobal
